
Microsoft Visual Studio Solution File, Format Version 12.00
# Visual Studio 2013
VisualStudioVersion = 12.0.21005.1
MinimumVisualStudioVersion = 10.0.40219.1
Project("{2150E333-8FDC-42A3-9474-1A3956D46DE8}") = "Solution Items", "Solution Items", "{60F04000-03AC-4239-8EA4-2470C9E3C418}"
	ProjectSection(SolutionItems) = preProject
		WordsValidation.json = WordsValidation.json
	EndProjectSection
EndProject
Project("{FAE04EC0-301F-11D3-BF4B-00C04F79EFBC}") = "WordsValidationModels", "WordsValidationModels\WordsValidationModels.csproj", "{144FE9EF-B1C1-47D6-BA2A-AA5137701905}"
EndProject
Project("{FAE04EC0-301F-11D3-BF4B-00C04F79EFBC}") = "WordsValidationTest", "WordsValidationTest\WordsValidationTest.csproj", "{B1321D70-3262-4D83-B9CB-057F8C10E8EA}"
EndProject
Global
	GlobalSection(SolutionConfigurationPlatforms) = preSolution
		Debug|Any CPU = Debug|Any CPU
		Release|Any CPU = Release|Any CPU
	EndGlobalSection
	GlobalSection(ProjectConfigurationPlatforms) = postSolution
		{144FE9EF-B1C1-47D6-BA2A-AA5137701905}.Debug|Any CPU.ActiveCfg = Debug|Any CPU
		{144FE9EF-B1C1-47D6-BA2A-AA5137701905}.Debug|Any CPU.Build.0 = Debug|Any CPU
		{144FE9EF-B1C1-47D6-BA2A-AA5137701905}.Release|Any CPU.ActiveCfg = Release|Any CPU
		{144FE9EF-B1C1-47D6-BA2A-AA5137701905}.Release|Any CPU.Build.0 = Release|Any CPU
		{B1321D70-3262-4D83-B9CB-057F8C10E8EA}.Debug|Any CPU.ActiveCfg = Debug|Any CPU
		{B1321D70-3262-4D83-B9CB-057F8C10E8EA}.Debug|Any CPU.Build.0 = Debug|Any CPU
		{B1321D70-3262-4D83-B9CB-057F8C10E8EA}.Release|Any CPU.ActiveCfg = Release|Any CPU
		{B1321D70-3262-4D83-B9CB-057F8C10E8EA}.Release|Any CPU.Build.0 = Release|Any CPU
	EndGlobalSection
	GlobalSection(SolutionProperties) = preSolution
		HideSolutionNode = FALSE
	EndGlobalSection
EndGlobal
